
Microsoft Visual Studio Solution File, Format Version 12.00
# Visual Studio 15
Project("{FAE04EC0-301F-11D3-BF4B-00C04F79EFBC}") = "Assembly-CSharp", "Assembly-CSharp.csproj", "{0B244060-3B1B-6668-DECD-9421D345E2BF}"
EndProject
Project("{FAE04EC0-301F-11D3-BF4B-00C04F79EFBC}") = "Assembly-CSharp-Editor", "Assembly-CSharp-Editor.csproj", "{3C2051F6-D360-A5DC-1C11-45A76B502212}"
EndProject
Global
	GlobalSection(SolutionConfigurationPlatforms) = preSolution
		Debug|Any CPU = Debug|Any CPU
		Release|Any CPU = Release|Any CPU
	EndGlobalSection
	GlobalSection(ProjectConfigurationPlatforms) = postSolution
		{0B244060-3B1B-6668-DECD-9421D345E2BF}.Debug|Any CPU.ActiveCfg = Debug|Any CPU
		{0B244060-3B1B-6668-DECD-9421D345E2BF}.Debug|Any CPU.Build.0 = Debug|Any CPU
		{0B244060-3B1B-6668-DECD-9421D345E2BF}.Release|Any CPU.ActiveCfg = Release|Any CPU
		{0B244060-3B1B-6668-DECD-9421D345E2BF}.Release|Any CPU.Build.0 = Release|Any CPU
		{3C2051F6-D360-A5DC-1C11-45A76B502212}.Debug|Any CPU.ActiveCfg = Debug|Any CPU
		{3C2051F6-D360-A5DC-1C11-45A76B502212}.Debug|Any CPU.Build.0 = Debug|Any CPU
		{3C2051F6-D360-A5DC-1C11-45A76B502212}.Release|Any CPU.ActiveCfg = Release|Any CPU
		{3C2051F6-D360-A5DC-1C11-45A76B502212}.Release|Any CPU.Build.0 = Release|Any CPU
	EndGlobalSection
	GlobalSection(SolutionProperties) = preSolution
		HideSolutionNode = FALSE
	EndGlobalSection
EndGlobal
